{
  "requires": true,
  "lockfileVersion": 1,
  "dependencies": {
    "mobile-detect": {
      "version": "1.4.4",
      "resolved": "https://registry.npmjs.org/mobile-detect/-/mobile-detect-1.4.4.tgz",
      "integrity": "sha512-vTgEjKjS89C5yHL5qWPpT6BzKuOVqABp+A3Szpbx34pIy3sngxlGaFpgHhfj6fKze1w0QKeOSDbU7SKu7wDvRQ=="
    },
    "particles.js": {
      "version": "2.0.0",
      "resolved": "https://registry.npmjs.org/particles.js/-/particles.js-2.0.0.tgz",
      "integrity": "sha1-IThsQyjWx/lngKIB6W7t/AnHNvY="
    }
  }
}
